<?xml version="1.0" encoding="utf-8"?>
<Project ToolsVersion="4.0" xmlns="http://schemas.microsoft.com/developer/msbuild/2003">
  <ItemGroup>
    <Filter Include="src">
      <UniqueIdentifier>{9eb04e6c-4bca-4020-a0ff-ad933ba7b6e5}</UniqueIdentifier>
    </Filter>
    <Filter Include="windows">
      <UniqueIdentifier>{d39a2caa-36c1-41cd-b441-a5c1197f18fa}</UniqueIdentifier>
    </Filter>
  </ItemGroup>
  <ItemGroup>
    <ClInclude Include="..\..\src\common\library_export_common.h">
      <Filter>src</Filter>
    </ClInclude>
    <ClInclude Include="..\..\src\common\pthread_state.h">
      <Filter>src</Filter>
    </ClInclude>
    <ClInclude Include="..\..\src\common\socket_context.h">
      <Filter>src</Filter>
    </ClInclude>
    <ClInclude Include="..\..\src\common\c_end.h">
      <Filter>src</Filter>
    </ClInclude>
    <ClInclude Include="..\..\src\common\c_start.h">
      <Filter>src</Filter>
    </ClInclude>
    <ClInclude Include="..\..\src\common\error_desc.h">
      <Filter>src</Filter>
    </ClInclude>
    <ClInclude Include="..\..\src\common\windows\platform_config.h">
      <Filter>windows</Filter>
    </ClInclude>
    <ClInclude Include="..\..\src\common\lj_byteswap.h">
      <Filter>src</Filter>
    </ClInclude>
  </ItemGroup>
  <ItemGroup>
    <ClCompile Include="..\..\src\common\socket_context.c">
      <Filter>src</Filter>
    </ClCompile>
    <ClCompile Include="..\..\src\common\error_desc.c">
      <Filter>src</Filter>
    </ClCompile>
  </ItemGroup>
</Project>