<?xml version="1.0" encoding="utf-8"?>
<Project ToolsVersion="4.0" xmlns="http://schemas.microsoft.com/developer/msbuild/2003">
  <ItemGroup>
    <Filter Include="src">
      <UniqueIdentifier>{8beab597-1d24-4876-8516-e5b61390d06c}</UniqueIdentifier>
    </Filter>
    <Filter Include="src\lizi_0">
      <UniqueIdentifier>{3a9fb0cc-e9a6-4950-9bc5-04f0fdef3849}</UniqueIdentifier>
    </Filter>
    <Filter Include="windows">
      <UniqueIdentifier>{c8458c11-ec40-4b01-b62f-d6ccce7cfdd8}</UniqueIdentifier>
    </Filter>
  </ItemGroup>
  <ItemGroup>
    <ClCompile Include="windows\main.cpp">
      <Filter>windows</Filter>
    </ClCompile>
    <ClCompile Include="..\..\src\lizi_0\application.c">
      <Filter>src\lizi_0</Filter>
    </ClCompile>
    <ClCompile Include="..\..\src\lizi_0\dog.c">
      <Filter>src\lizi_0</Filter>
    </ClCompile>
    <ClCompile Include="..\..\src\lizi_0\huidiao.c">
      <Filter>src\lizi_0</Filter>
    </ClCompile>
    <ClCompile Include="..\..\src\lizi_0\juzhen.c">
      <Filter>src\lizi_0</Filter>
    </ClCompile>
    <ClCompile Include="..\..\src\lizi_0\juzhen_gf.c">
      <Filter>src\lizi_0</Filter>
    </ClCompile>
    <ClCompile Include="..\..\src\lizi_0\juzhen_gf_test.c">
      <Filter>src\lizi_0</Filter>
    </ClCompile>
    <ClCompile Include="..\..\src\lizi_0\doglib.c">
      <Filter>src\lizi_0</Filter>
    </ClCompile>
    <ClCompile Include="..\..\src\lizi_0\leadlib.c">
      <Filter>src\lizi_0</Filter>
    </ClCompile>
    <ClCompile Include="..\..\src\lizi_0\li1.c">
      <Filter>src\lizi_0</Filter>
    </ClCompile>
    <ClCompile Include="..\..\src\lizi_0\li2.c">
      <Filter>src\lizi_0</Filter>
    </ClCompile>
    <ClCompile Include="..\..\src\lizi_0\li3.c">
      <Filter>src\lizi_0</Filter>
    </ClCompile>
    <ClCompile Include="..\..\src\lizi_0\li4.c">
      <Filter>src\lizi_0</Filter>
    </ClCompile>
    <ClCompile Include="..\..\src\lizi_0\li5.c">
      <Filter>src\lizi_0</Filter>
    </ClCompile>
    <ClCompile Include="..\..\src\lizi_0\max2.c">
      <Filter>src\lizi_0</Filter>
    </ClCompile>
    <ClCompile Include="..\..\src\lizi_0\recordput.c">
      <Filter>src\lizi_0</Filter>
    </ClCompile>
    <ClCompile Include="..\..\src\lizi_0\shijian_dog.c">
      <Filter>src\lizi_0</Filter>
    </ClCompile>
    <ClCompile Include="..\..\src\lizi_0\shijian_yonghu.c">
      <Filter>src\lizi_0</Filter>
    </ClCompile>
    <ClCompile Include="..\..\src\lizi_0\shijianqi.c">
      <Filter>src\lizi_0</Filter>
    </ClCompile>
    <ClCompile Include="..\..\src\lizi_0\vectordogdingyue.c">
      <Filter>src\lizi_0</Filter>
    </ClCompile>
    <ClCompile Include="..\..\src\lizi_0\vectordogyonghu.c">
      <Filter>src\lizi_0</Filter>
    </ClCompile>
    <ClCompile Include="..\..\src\lizi_0\vectorlj.c">
      <Filter>src\lizi_0</Filter>
    </ClCompile>
  </ItemGroup>
  <ItemGroup>
    <ClInclude Include="..\..\src\lizi_0\tou.h">
      <Filter>src\lizi_0</Filter>
    </ClInclude>
    <ClInclude Include="..\..\src\lizi_0\dog.h">
      <Filter>src\lizi_0</Filter>
    </ClInclude>
    <ClInclude Include="..\..\src\lizi_0\doglib.h">
      <Filter>src\lizi_0</Filter>
    </ClInclude>
    <ClInclude Include="..\..\src\lizi_0\leadlib.h">
      <Filter>src\lizi_0</Filter>
    </ClInclude>
    <ClInclude Include="..\..\src\lizi_0\juzhen.h">
      <Filter>src\lizi_0</Filter>
    </ClInclude>
    <ClInclude Include="..\..\src\lizi_0\huidiao.h">
      <Filter>src\lizi_0</Filter>
    </ClInclude>
    <ClInclude Include="..\..\src\lizi_0\recordput.h">
      <Filter>src\lizi_0</Filter>
    </ClInclude>
    <ClInclude Include="..\..\src\lizi_0\vectorlj.h">
      <Filter>src\lizi_0</Filter>
    </ClInclude>
    <ClInclude Include="..\..\src\lizi_0\vectordogdingyue.h">
      <Filter>src\lizi_0</Filter>
    </ClInclude>
    <ClInclude Include="..\..\src\lizi_0\shijianqi.h">
      <Filter>src\lizi_0</Filter>
    </ClInclude>
    <ClInclude Include="..\..\src\lizi_0\shijian_dog.h">
      <Filter>src\lizi_0</Filter>
    </ClInclude>
    <ClInclude Include="..\..\src\lizi_0\shijian_yonghu.h">
      <Filter>src\lizi_0</Filter>
    </ClInclude>
    <ClInclude Include="..\..\src\lizi_0\juzhen_gf.h">
      <Filter>src\lizi_0</Filter>
    </ClInclude>
    <ClInclude Include="..\..\src\lizi_0\all.h">
      <Filter>src\lizi_0</Filter>
    </ClInclude>
    <ClInclude Include="..\..\src\lizi_0\application.h">
      <Filter>src\lizi_0</Filter>
    </ClInclude>
  </ItemGroup>
</Project>