<?xml version="1.0" encoding="utf-8"?>
<Project ToolsVersion="4.0" xmlns="http://schemas.microsoft.com/developer/msbuild/2003">
  <ItemGroup>
    <Filter Include="src">
      <UniqueIdentifier>{8beab597-1d24-4876-8516-e5b61390d06c}</UniqueIdentifier>
    </Filter>
    <Filter Include="src\lizi_1">
      <UniqueIdentifier>{57aec4db-c608-44db-a788-c3ef69648d2c}</UniqueIdentifier>
    </Filter>
  </ItemGroup>
  <ItemGroup>
    <ClCompile Include="..\..\src\lizi_1\main.cpp">
      <Filter>src\lizi_1</Filter>
    </ClCompile>
    <ClCompile Include="..\..\src\lizi_1\pthread_1.cpp">
      <Filter>src\lizi_1</Filter>
    </ClCompile>
  </ItemGroup>
  <ItemGroup>
    <ClInclude Include="..\..\src\lizi_1\lizhi1_all.h">
      <Filter>src\lizi_1</Filter>
    </ClInclude>
    <ClInclude Include="..\..\src\lizi_1\pthread_1.h">
      <Filter>src\lizi_1</Filter>
    </ClInclude>
  </ItemGroup>
</Project>