
Microsoft Visual Studio Solution File, Format Version 12.00
# Visual Studio 2012
Project("{8BC9CEB8-8B4A-11D0-8D11-00A0C91BC942}") = "mm_lizi_0", "mm_lizi_0.vcxproj", "{A08F5B76-1815-4EB3-AD6F-0B48AA91B49B}"
EndProject
Project("{8BC9CEB8-8B4A-11D0-8D11-00A0C91BC942}") = "mm_lizi_1", "mm_lizi_1.vcxproj", "{97786438-5602-4851-998C-962EF031ED05}"
	ProjectSection(ProjectDependencies) = postProject
		{365F261C-9DA5-4A01-99B8-8B8729755118} = {365F261C-9DA5-4A01-99B8-8B8729755118}
	EndProjectSection
EndProject
Project("{8BC9CEB8-8B4A-11D0-8D11-00A0C91BC942}") = "mm_lizi_2", "mm_lizi_2.vcxproj", "{365F261C-9DA5-4A01-99B8-8B8729755118}"
EndProject
Project("{8BC9CEB8-8B4A-11D0-8D11-00A0C91BC942}") = "mm_lizi_3", "mm_lizi_3.vcxproj", "{1F78E655-C52C-4A78-BBAA-7D7BE915A289}"
EndProject
Project("{8BC9CEB8-8B4A-11D0-8D11-00A0C91BC942}") = "mm_lizi_4", "mm_lizi_4.vcxproj", "{4E4CE887-B4B0-4B0F-8188-FF99E6D14953}"
EndProject
Global
	GlobalSection(SolutionConfigurationPlatforms) = preSolution
		Debug|Win32 = Debug|Win32
		Debug|x64 = Debug|x64
		Release|Win32 = Release|Win32
		Release|x64 = Release|x64
	EndGlobalSection
	GlobalSection(ProjectConfigurationPlatforms) = postSolution
		{A08F5B76-1815-4EB3-AD6F-0B48AA91B49B}.Debug|Win32.ActiveCfg = Debug|Win32
		{A08F5B76-1815-4EB3-AD6F-0B48AA91B49B}.Debug|Win32.Build.0 = Debug|Win32
		{A08F5B76-1815-4EB3-AD6F-0B48AA91B49B}.Debug|x64.ActiveCfg = Debug|x64
		{A08F5B76-1815-4EB3-AD6F-0B48AA91B49B}.Debug|x64.Build.0 = Debug|x64
		{A08F5B76-1815-4EB3-AD6F-0B48AA91B49B}.Release|Win32.ActiveCfg = Release|Win32
		{A08F5B76-1815-4EB3-AD6F-0B48AA91B49B}.Release|Win32.Build.0 = Release|Win32
		{A08F5B76-1815-4EB3-AD6F-0B48AA91B49B}.Release|x64.ActiveCfg = Release|x64
		{A08F5B76-1815-4EB3-AD6F-0B48AA91B49B}.Release|x64.Build.0 = Release|x64
		{97786438-5602-4851-998C-962EF031ED05}.Debug|Win32.ActiveCfg = Debug|Win32
		{97786438-5602-4851-998C-962EF031ED05}.Debug|Win32.Build.0 = Debug|Win32
		{97786438-5602-4851-998C-962EF031ED05}.Debug|x64.ActiveCfg = Debug|x64
		{97786438-5602-4851-998C-962EF031ED05}.Debug|x64.Build.0 = Debug|x64
		{97786438-5602-4851-998C-962EF031ED05}.Release|Win32.ActiveCfg = Release|Win32
		{97786438-5602-4851-998C-962EF031ED05}.Release|Win32.Build.0 = Release|Win32
		{97786438-5602-4851-998C-962EF031ED05}.Release|x64.ActiveCfg = Release|x64
		{97786438-5602-4851-998C-962EF031ED05}.Release|x64.Build.0 = Release|x64
		{365F261C-9DA5-4A01-99B8-8B8729755118}.Debug|Win32.ActiveCfg = Debug|Win32
		{365F261C-9DA5-4A01-99B8-8B8729755118}.Debug|Win32.Build.0 = Debug|Win32
		{365F261C-9DA5-4A01-99B8-8B8729755118}.Debug|x64.ActiveCfg = Debug|x64
		{365F261C-9DA5-4A01-99B8-8B8729755118}.Debug|x64.Build.0 = Debug|x64
		{365F261C-9DA5-4A01-99B8-8B8729755118}.Release|Win32.ActiveCfg = Release|Win32
		{365F261C-9DA5-4A01-99B8-8B8729755118}.Release|Win32.Build.0 = Release|Win32
		{365F261C-9DA5-4A01-99B8-8B8729755118}.Release|x64.ActiveCfg = Release|x64
		{365F261C-9DA5-4A01-99B8-8B8729755118}.Release|x64.Build.0 = Release|x64
		{1F78E655-C52C-4A78-BBAA-7D7BE915A289}.Debug|Win32.ActiveCfg = Debug|Win32
		{1F78E655-C52C-4A78-BBAA-7D7BE915A289}.Debug|Win32.Build.0 = Debug|Win32
		{1F78E655-C52C-4A78-BBAA-7D7BE915A289}.Debug|x64.ActiveCfg = Debug|x64
		{1F78E655-C52C-4A78-BBAA-7D7BE915A289}.Debug|x64.Build.0 = Debug|x64
		{1F78E655-C52C-4A78-BBAA-7D7BE915A289}.Release|Win32.ActiveCfg = Release|Win32
		{1F78E655-C52C-4A78-BBAA-7D7BE915A289}.Release|Win32.Build.0 = Release|Win32
		{1F78E655-C52C-4A78-BBAA-7D7BE915A289}.Release|x64.ActiveCfg = Release|x64
		{1F78E655-C52C-4A78-BBAA-7D7BE915A289}.Release|x64.Build.0 = Release|x64
		{4E4CE887-B4B0-4B0F-8188-FF99E6D14953}.Debug|Win32.ActiveCfg = Debug|Win32
		{4E4CE887-B4B0-4B0F-8188-FF99E6D14953}.Debug|Win32.Build.0 = Debug|Win32
		{4E4CE887-B4B0-4B0F-8188-FF99E6D14953}.Debug|x64.ActiveCfg = Debug|x64
		{4E4CE887-B4B0-4B0F-8188-FF99E6D14953}.Debug|x64.Build.0 = Debug|x64
		{4E4CE887-B4B0-4B0F-8188-FF99E6D14953}.Release|Win32.ActiveCfg = Release|Win32
		{4E4CE887-B4B0-4B0F-8188-FF99E6D14953}.Release|Win32.Build.0 = Release|Win32
		{4E4CE887-B4B0-4B0F-8188-FF99E6D14953}.Release|x64.ActiveCfg = Release|x64
		{4E4CE887-B4B0-4B0F-8188-FF99E6D14953}.Release|x64.Build.0 = Release|x64
	EndGlobalSection
	GlobalSection(SolutionProperties) = preSolution
		HideSolutionNode = FALSE
	EndGlobalSection
EndGlobal
